
Microsoft Visual Studio Solution File, Format Version 11.00
# Visual Studio 2010
Project("{FAE04EC0-301F-11D3-BF4B-00C04F79EFBC}") = "Jesko.ODataExtensions", "Jesko.ODataExtensions\Jesko.ODataExtensions.csproj", "{B487C748-2C37-47F8-9C58-FD66246FE148}"
EndProject
Project("{FAE04EC0-301F-11D3-BF4B-00C04F79EFBC}") = "Jesko.ODataExtensions.Tests", "Jesko.ODataExtensions.Tests\Jesko.ODataExtensions.Tests.csproj", "{8F681148-D6A5-4900-A20D-2906C2DB92B0}"
EndProject
Global
	GlobalSection(SolutionConfigurationPlatforms) = preSolution
		Debug|Any CPU = Debug|Any CPU
		Release|Any CPU = Release|Any CPU
	EndGlobalSection
	GlobalSection(ProjectConfigurationPlatforms) = postSolution
		{B487C748-2C37-47F8-9C58-FD66246FE148}.Debug|Any CPU.ActiveCfg = Debug|Any CPU
		{B487C748-2C37-47F8-9C58-FD66246FE148}.Debug|Any CPU.Build.0 = Debug|Any CPU
		{B487C748-2C37-47F8-9C58-FD66246FE148}.Release|Any CPU.ActiveCfg = Release|Any CPU
		{B487C748-2C37-47F8-9C58-FD66246FE148}.Release|Any CPU.Build.0 = Release|Any CPU
		{8F681148-D6A5-4900-A20D-2906C2DB92B0}.Debug|Any CPU.ActiveCfg = Debug|Any CPU
		{8F681148-D6A5-4900-A20D-2906C2DB92B0}.Debug|Any CPU.Build.0 = Debug|Any CPU
		{8F681148-D6A5-4900-A20D-2906C2DB92B0}.Release|Any CPU.ActiveCfg = Release|Any CPU
		{8F681148-D6A5-4900-A20D-2906C2DB92B0}.Release|Any CPU.Build.0 = Release|Any CPU
	EndGlobalSection
	GlobalSection(SolutionProperties) = preSolution
		HideSolutionNode = FALSE
	EndGlobalSection
EndGlobal
